
Microsoft Visual Studio Solution File, Format Version 12.00
# Visual Studio Version 17
VisualStudioVersion = 17.2.32630.192
MinimumVisualStudioVersion = 10.0.40219.1
Project("{8BC9CEB8-8B4A-11D0-8D11-00A0C91BC942}") = "Manabi", "Manabi\Manabi.vcxproj", "{3220AFA3-3493-454C-80A9-4963CF625F4E}"
EndProject
Project("{8BC9CEB8-8B4A-11D0-8D11-00A0C91BC942}") = "Core", "Core\Core.vcxproj", "{8D6D3702-1F82-4D74-8E34-60A8F030F5E9}"
EndProject
Global
	GlobalSection(SolutionConfigurationPlatforms) = preSolution
		Debug|x64 = Debug|x64
		Debug|x86 = Debug|x86
		Release|x64 = Release|x64
		Release|x86 = Release|x86
	EndGlobalSection
	GlobalSection(ProjectConfigurationPlatforms) = postSolution
		{3220AFA3-3493-454C-80A9-4963CF625F4E}.Debug|x64.ActiveCfg = Debug|x64
		{3220AFA3-3493-454C-80A9-4963CF625F4E}.Debug|x64.Build.0 = Debug|x64
		{3220AFA3-3493-454C-80A9-4963CF625F4E}.Debug|x86.ActiveCfg = Debug|Win32
		{3220AFA3-3493-454C-80A9-4963CF625F4E}.Debug|x86.Build.0 = Debug|Win32
		{3220AFA3-3493-454C-80A9-4963CF625F4E}.Release|x64.ActiveCfg = Release|x64
		{3220AFA3-3493-454C-80A9-4963CF625F4E}.Release|x64.Build.0 = Release|x64
		{3220AFA3-3493-454C-80A9-4963CF625F4E}.Release|x86.ActiveCfg = Release|Win32
		{3220AFA3-3493-454C-80A9-4963CF625F4E}.Release|x86.Build.0 = Release|Win32
		{8D6D3702-1F82-4D74-8E34-60A8F030F5E9}.Debug|x64.ActiveCfg = Debug|x64
		{8D6D3702-1F82-4D74-8E34-60A8F030F5E9}.Debug|x64.Build.0 = Debug|x64
		{8D6D3702-1F82-4D74-8E34-60A8F030F5E9}.Debug|x86.ActiveCfg = Debug|Win32
		{8D6D3702-1F82-4D74-8E34-60A8F030F5E9}.Debug|x86.Build.0 = Debug|Win32
		{8D6D3702-1F82-4D74-8E34-60A8F030F5E9}.Release|x64.ActiveCfg = Release|x64
		{8D6D3702-1F82-4D74-8E34-60A8F030F5E9}.Release|x64.Build.0 = Release|x64
		{8D6D3702-1F82-4D74-8E34-60A8F030F5E9}.Release|x86.ActiveCfg = Release|Win32
		{8D6D3702-1F82-4D74-8E34-60A8F030F5E9}.Release|x86.Build.0 = Release|Win32
	EndGlobalSection
	GlobalSection(SolutionProperties) = preSolution
		HideSolutionNode = FALSE
	EndGlobalSection
	GlobalSection(ExtensibilityGlobals) = postSolution
		SolutionGuid = {CDD43E24-5A06-49A4-A0FF-6B1CA8A4419B}
	EndGlobalSection
EndGlobal
